
Microsoft Visual Studio Solution File, Format Version 12.00
# Visual Studio 15
VisualStudioVersion = 15.0.27703.2035
MinimumVisualStudioVersion = 10.0.40219.1
Project("{888888A0-9F3D-457C-B088-3A5042F75D52}") = "PythonRaycast", "PythonRaycast\PythonRaycast.pyproj", "{BBAAD28B-89C8-48EB-A222-F1071680D14E}"
EndProject
Global
	GlobalSection(SolutionConfigurationPlatforms) = preSolution
		Debug|Any CPU = Debug|Any CPU
		Release|Any CPU = Release|Any CPU
	EndGlobalSection
	GlobalSection(ProjectConfigurationPlatforms) = postSolution
		{BBAAD28B-89C8-48EB-A222-F1071680D14E}.Debug|Any CPU.ActiveCfg = Debug|Any CPU
		{BBAAD28B-89C8-48EB-A222-F1071680D14E}.Release|Any CPU.ActiveCfg = Release|Any CPU
	EndGlobalSection
	GlobalSection(SolutionProperties) = preSolution
		HideSolutionNode = FALSE
	EndGlobalSection
	GlobalSection(ExtensibilityGlobals) = postSolution
		SolutionGuid = {7B7D2CA1-262C-47E8-87B2-4C8694B14014}
	EndGlobalSection
EndGlobal
